
Microsoft Visual Studio Solution File, Format Version 12.00
# Visual Studio Version 16
VisualStudioVersion = 16.0.29503.13
MinimumVisualStudioVersion = 10.0.40219.1
Project("{9A19103F-16F7-4668-BE54-9A1E7A4F7556}") = "Ncp.Timer.HashedTimingWheel", "Ncp.Timer.HashedTimingWheel\Ncp.Timer.HashedTimingWheel.csproj", "{1DC82A3B-83C3-426F-AD86-9D10A3026241}"
EndProject
Project("{9A19103F-16F7-4668-BE54-9A1E7A4F7556}") = "Ncp.Timer.HashedTimingWheel.Example", "Ncp.Timer.HashedTimingWheel.Example\Ncp.Timer.HashedTimingWheel.Example.csproj", "{65F7BDB3-4FA9-477C-AA7F-A57915B8171B}"
EndProject
Global
	GlobalSection(SolutionConfigurationPlatforms) = preSolution
		Debug|Any CPU = Debug|Any CPU
		Release|Any CPU = Release|Any CPU
	EndGlobalSection
	GlobalSection(ProjectConfigurationPlatforms) = postSolution
		{1DC82A3B-83C3-426F-AD86-9D10A3026241}.Debug|Any CPU.ActiveCfg = Debug|Any CPU
		{1DC82A3B-83C3-426F-AD86-9D10A3026241}.Debug|Any CPU.Build.0 = Debug|Any CPU
		{1DC82A3B-83C3-426F-AD86-9D10A3026241}.Release|Any CPU.ActiveCfg = Release|Any CPU
		{1DC82A3B-83C3-426F-AD86-9D10A3026241}.Release|Any CPU.Build.0 = Release|Any CPU
		{65F7BDB3-4FA9-477C-AA7F-A57915B8171B}.Debug|Any CPU.ActiveCfg = Debug|Any CPU
		{65F7BDB3-4FA9-477C-AA7F-A57915B8171B}.Debug|Any CPU.Build.0 = Debug|Any CPU
		{65F7BDB3-4FA9-477C-AA7F-A57915B8171B}.Release|Any CPU.ActiveCfg = Release|Any CPU
		{65F7BDB3-4FA9-477C-AA7F-A57915B8171B}.Release|Any CPU.Build.0 = Release|Any CPU
	EndGlobalSection
	GlobalSection(SolutionProperties) = preSolution
		HideSolutionNode = FALSE
	EndGlobalSection
	GlobalSection(ExtensibilityGlobals) = postSolution
		SolutionGuid = {FF3BFA5A-77CA-46EA-89B2-BC3B5D147744}
	EndGlobalSection
EndGlobal
